
Microsoft Visual Studio Solution File, Format Version 12.00
# Visual Studio 15
VisualStudioVersion = 15.0.28307.1500
MinimumVisualStudioVersion = 10.0.40219.1
Project("{F184B08F-C81C-45F6-A57F-5ABD9991F28F}") = "SIPerpustakaan", "SIPerpustakaan\SIPerpustakaan.vbproj", "{981B3807-A38B-481A-9B16-547F4AC123C2}"
EndProject
Global
	GlobalSection(SolutionConfigurationPlatforms) = preSolution
		Debug|Any CPU = Debug|Any CPU
		Release|Any CPU = Release|Any CPU
	EndGlobalSection
	GlobalSection(ProjectConfigurationPlatforms) = postSolution
		{981B3807-A38B-481A-9B16-547F4AC123C2}.Debug|Any CPU.ActiveCfg = Debug|Any CPU
		{981B3807-A38B-481A-9B16-547F4AC123C2}.Debug|Any CPU.Build.0 = Debug|Any CPU
		{981B3807-A38B-481A-9B16-547F4AC123C2}.Release|Any CPU.ActiveCfg = Release|Any CPU
		{981B3807-A38B-481A-9B16-547F4AC123C2}.Release|Any CPU.Build.0 = Release|Any CPU
	EndGlobalSection
	GlobalSection(SolutionProperties) = preSolution
		HideSolutionNode = FALSE
	EndGlobalSection
	GlobalSection(ExtensibilityGlobals) = postSolution
		SolutionGuid = {A9CF58E8-8DC4-4FA8-AA6B-0EC203E9551D}
	EndGlobalSection
EndGlobal
